// !$*UTF8*$!
{
	archiveVersion = 1;
	classes = {
	};
	objectVersion = 46;
	objects = {

/* Begin PBXBuildFile section */
		263AFAF81A1214EB002E067C /* ToDoItem.m in Sources */ = {isa = PBXBuildFile; fileRef = 263AFAF71A1214EB002E067C /* ToDoItem.m */; };
		2658C7A21A1064FB0022DB29 /* main.m in Sources */ = {isa = PBXBuildFile; fileRef = 2658C7A11A1064FB0022DB29 /* main.m */; };
		2658C7A51A1064FB0022DB29 /* AppDelegate.m in Sources */ = {isa = PBXBuildFile; fileRef = 2658C7A41A1064FB0022DB29 /* AppDelegate.m */; };
		2658C7A81A1064FB0022DB29 /* ViewController.m in Sources */ = {isa = PBXBuildFile; fileRef = 2658C7A71A1064FB0022DB29 /* ViewController.m */; };
		2658C7AB1A1064FB0022DB29 /* Main.storyboard in Resources */ = {isa = PBXBuildFile; fileRef = 2658C7A91A1064FB0022DB29 /* Main.storyboard */; };
		2658C7AD1A1064FB0022DB29 /* Images.xcassets in Resources */ = {isa = PBXBuildFile; fileRef = 2658C7AC1A1064FB0022DB29 /* Images.xcassets */; };
		2658C7B01A1064FB0022DB29 /* LaunchScreen.xib in Resources */ = {isa = PBXBuildFile; fileRef = 2658C7AE1A1064FB0022DB29 /* LaunchScreen.xib */; };
		2658C7BC1A1064FC0022DB29 /* ToDoListTests.m in Sources */ = {isa = PBXBuildFile; fileRef = 2658C7BB1A1064FC0022DB29 /* ToDoListTests.m */; };
		2658C7C71A10C16C0022DB29 /* AddToDoItemViewController.m in Sources */ = {isa = PBXBuildFile; fileRef = 2658C7C61A10C16C0022DB29 /* AddToDoItemViewController.m */; };
		2658C7CA1A10C27D0022DB29 /* ToDoListTableViewController.m in Sources */ = {isa = PBXBuildFile; fileRef = 2658C7C91A10C27D0022DB29 /* ToDoListTableViewController.m */; };
/* End PBXBuildFile section */

/* Begin PBXContainerItemProxy section */
		2658C7B61A1064FC0022DB29 /* PBXContainerItemProxy */ = {
			isa = PBXContainerItemProxy;
			containerPortal = 2658C7941A1064FB0022DB29 /* Project object */;
			proxyType = 1;
			remoteGlobalIDString = 2658C79B1A1064FB0022DB29;
			remoteInfo = ToDoList;
		};
/* End PBXContainerItemProxy section */

/* Begin PBXFileReference section */
		263AFAF61A1214EB002E067C /* ToDoItem.h */ = {isa = PBXFileReference; fileEncoding = 4; lastKnownFileType = sourcecode.c.h; path = ToDoItem.h; sourceTree = "<group>"; };
		263AFAF71A1214EB002E067C /* ToDoItem.m */ = {isa = PBXFileReference; fileEncoding = 4; lastKnownFileType = sourcecode.c.objc; path = ToDoItem.m; sourceTree = "<group>"; };
		2658C79C1A1064FB0022DB29 /* ToDoList.app */ = {isa = PBXFileReference; explicitFileType = wrapper.application; includeInIndex = 0; path = ToDoList.app; sourceTree = BUILT_PRODUCTS_DIR; };
		2658C7A01A1064FB0022DB29 /* Info.plist */ = {isa = PBXFileReference; lastKnownFileType = text.plist.xml; path = Info.plist; sourceTree = "<group>"; };
		2658C7A11A1064FB0022DB29 /* main.m */ = {isa = PBXFileReference; lastKnownFileType = sourcecode.c.objc; path = main.m; sourceTree = "<group>"; };
		2658C7A31A1064FB0022DB29 /* AppDelegate.h */ = {isa = PBXFileReference; lastKnownFileType = sourcecode.c.h; path = AppDelegate.h; sourceTree = "<group>"; };
		2658C7A41A1064FB0022DB29 /* AppDelegate.m */ = {isa = PBXFileReference; lastKnownFileType = sourcecode.c.objc; path = AppDelegate.m; sourceTree = "<group>"; };
		2658C7A61A1064FB0022DB29 /* ViewController.h */ = {isa = PBXFileReference; lastKnownFileType = sourcecode.c.h; path = ViewController.h; sourceTree = "<group>"; };
		2658C7A71A1064FB0022DB29 /* ViewController.m */ = {isa = PBXFileReference; lastKnownFileType = sourcecode.c.objc; path = ViewController.m; sourceTree = "<group>"; };
		2658C7AA1A1064FB0022DB29 /* Base */ = {isa = PBXFileReference; lastKnownFileType = file.storyboard; name = Base; path = Base.lproj/Main.storyboard; sourceTree = "<group>"; };
		2658C7AC1A1064FB0022DB29 /* Images.xcassets */ = {isa = PBXFileReference; lastKnownFileType = folder.assetcatalog; path = Images.xcassets; sourceTree = "<group>"; };
		2658C7AF1A1064FB0022DB29 /* Base */ = {isa = PBXFileReference; lastKnownFileType = file.xib; name = Base; path = Base.lproj/LaunchScreen.xib; sourceTree = "<group>"; };
		2658C7B51A1064FC0022DB29 /* ToDoListTests.xctest */ = {isa = PBXFileReference; explicitFileType = wrapper.cfbundle; includeInIndex = 0; path = ToDoListTests.xctest; sourceTree = BUILT_PRODUCTS_DIR; };
		2658C7BA1A1064FC0022DB29 /* Info.plist */ = {isa = PBXFileReference; lastKnownFileType = text.plist.xml; path = Info.plist; sourceTree = "<group>"; };
		2658C7BB1A1064FC0022DB29 /* ToDoListTests.m */ = {isa = PBXFileReference; lastKnownFileType = sourcecode.c.objc; path = ToDoListTests.m; sourceTree = "<group>"; };
		2658C7C51A10C16C0022DB29 /* AddToDoItemViewController.h */ = {isa = PBXFileReference; fileEncoding = 4; lastKnownFileType = sourcecode.c.h; path = AddToDoItemViewController.h; sourceTree = "<group>"; };
		2658C7C61A10C16C0022DB29 /* AddToDoItemViewController.m */ = {isa = PBXFileReference; fileEncoding = 4; lastKnownFileType = sourcecode.c.objc; path = AddToDoItemViewController.m; sourceTree = "<group>"; };
		2658C7C81A10C27D0022DB29 /* ToDoListTableViewController.h */ = {isa = PBXFileReference; fileEncoding = 4; lastKnownFileType = sourcecode.c.h; path = ToDoListTableViewController.h; sourceTree = "<group>"; };
		2658C7C91A10C27D0022DB29 /* ToDoListTableViewController.m */ = {isa = PBXFileReference; fileEncoding = 4; lastKnownFileType = sourcecode.c.objc; path = ToDoListTableViewController.m; sourceTree = "<group>"; };
/* End PBXFileReference section */

/* Begin PBXFrameworksBuildPhase section */
		2658C7991A1064FB0022DB29 /* Frameworks */ = {
			isa = PBXFrameworksBuildPhase;
			buildActionMask = 2147483647;
			files = (
			);
			runOnlyForDeploymentPostprocessing = 0;
		};
		2658C7B21A1064FC0022DB29 /* Frameworks */ = {
			isa = PBXFrameworksBuildPhase;
			buildActionMask = 2147483647;
			files = (
			);
			runOnlyForDeploymentPostprocessing = 0;
		};
/* End PBXFrameworksBuildPhase section */

/* Begin PBXGroup section */
		2658C7931A1064FB0022DB29 = {
			isa = PBXGroup;
			children = (
				2658C79E1A1064FB0022DB29 /* ToDoList */,
				2658C7B81A1064FC0022DB29 /* ToDoListTests */,
				2658C79D1A1064FB0022DB29 /* Products */,
			);
			sourceTree = "<group>";
		};
		2658C79D1A1064FB0022DB29 /* Products */ = {
			isa = PBXGroup;
			children = (
				2658C79C1A1064FB0022DB29 /* ToDoList.app */,
				2658C7B51A1064FC0022DB29 /* ToDoListTests.xctest */,
			);
			name = Products;
			sourceTree = "<group>";
		};
		2658C79E1A1064FB0022DB29 /* ToDoList */ = {
			isa = PBXGroup;
			children = (
				2658C7A31A1064FB0022DB29 /* AppDelegate.h */,
				2658C7A41A1064FB0022DB29 /* AppDelegate.m */,
				2658C7A61A1064FB0022DB29 /* ViewController.h */,
				2658C7A71A1064FB0022DB29 /* ViewController.m */,
				2658C7A91A1064FB0022DB29 /* Main.storyboard */,
				2658C7C81A10C27D0022DB29 /* ToDoListTableViewController.h */,
				2658C7C91A10C27D0022DB29 /* ToDoListTableViewController.m */,
				263AFAF61A1214EB002E067C /* ToDoItem.h */,
				263AFAF71A1214EB002E067C /* ToDoItem.m */,
				2658C7C51A10C16C0022DB29 /* AddToDoItemViewController.h */,
				2658C7C61A10C16C0022DB29 /* AddToDoItemViewController.m */,
				2658C7AC1A1064FB0022DB29 /* Images.xcassets */,
				2658C7AE1A1064FB0022DB29 /* LaunchScreen.xib */,
				2658C79F1A1064FB0022DB29 /* Supporting Files */,
			);
			path = ToDoList;
			sourceTree = "<group>";
		};
		2658C79F1A1064FB0022DB29 /* Supporting Files */ = {
			isa = PBXGroup;
			children = (
				2658C7A01A1064FB0022DB29 /* Info.plist */,
				2658C7A11A1064FB0022DB29 /* main.m */,
			);
			name = "Supporting Files";
			sourceTree = "<group>";
		};
		2658C7B81A1064FC0022DB29 /* ToDoListTests */ = {
			isa = PBXGroup;
			children = (
				2658C7BB1A1064FC0022DB29 /* ToDoListTests.m */,
				2658C7B91A1064FC0022DB29 /* Supporting Files */,
			);
			path = ToDoListTests;
			sourceTree = "<group>";
		};
		2658C7B91A1064FC0022DB29 /* Supporting Files */ = {
			isa = PBXGroup;
			children = (
				2658C7BA1A1064FC0022DB29 /* Info.plist */,
			);
			name = "Supporting Files";
			sourceTree = "<group>";
		};
/* End PBXGroup section */

/* Begin PBXNativeTarget section */
		2658C79B1A1064FB0022DB29 /* ToDoList */ = {
			isa = PBXNativeTarget;
			buildConfigurationList = 2658C7BF1A1064FC0022DB29 /* Build configuration list for PBXNativeTarget "ToDoList" */;
			buildPhases = (
				2658C7981A1064FB0022DB29 /* Sources */,
				2658C7991A1064FB0022DB29 /* Frameworks */,
				2658C79A1A1064FB0022DB29 /* Resources */,
			);
			buildRules = (
			);
			dependencies = (
			);
			name = ToDoList;
			productName = ToDoList;
			productReference = 2658C79C1A1064FB0022DB29 /* ToDoList.app */;
			productType = "com.apple.product-type.application";
		};
		2658C7B41A1064FC0022DB29 /* ToDoListTests */ = {
			isa = PBXNativeTarget;
			buildConfigurationList = 2658C7C21A1064FC0022DB29 /* Build configuration list for PBXNativeTarget "ToDoListTests" */;
			buildPhases = (
				2658C7B11A1064FC0022DB29 /* Sources */,
				2658C7B21A1064FC0022DB29 /* Frameworks */,
				2658C7B31A1064FC0022DB29 /* Resources */,
			);
			buildRules = (
			);
			dependencies = (
				2658C7B71A1064FC0022DB29 /* PBXTargetDependency */,
			);
			name = ToDoListTests;
			productName = ToDoListTests;
			productReference = 2658C7B51A1064FC0022DB29 /* ToDoListTests.xctest */;
			productType = "com.apple.product-type.bundle.unit-test";
		};
/* End PBXNativeTarget section */

/* Begin PBXProject section */
		2658C7941A1064FB0022DB29 /* Project object */ = {
			isa = PBXProject;
			attributes = {
				LastUpgradeCheck = 0610;
				ORGANIZATIONNAME = ShayneChow;
				TargetAttributes = {
					2658C79B1A1064FB0022DB29 = {
						CreatedOnToolsVersion = 6.1;
					};
					2658C7B41A1064FC0022DB29 = {
						CreatedOnToolsVersion = 6.1;
						TestTargetID = 2658C79B1A1064FB0022DB29;
					};
				};
			};
			buildConfigurationList = 2658C7971A1064FB0022DB29 /* Build configuration list for PBXProject "ToDoList" */;
			compatibilityVersion = "Xcode 3.2";
			developmentRegion = English;
			hasScannedForEncodings = 0;
			knownRegions = (
				en,
				Base,
			);
			mainGroup = 2658C7931A1064FB0022DB29;
			productRefGroup = 2658C79D1A1064FB0022DB29 /* Products */;
			projectDirPath = "";
			projectRoot = "";
			targets = (
				2658C79B1A1064FB0022DB29 /* ToDoList */,
				2658C7B41A1064FC0022DB29 /* ToDoListTests */,
			);
		};
/* End PBXProject section */

/* Begin PBXResourcesBuildPhase section */
		2658C79A1A1064FB0022DB29 /* Resources */ = {
			isa = PBXResourcesBuildPhase;
			buildActionMask = 2147483647;
			files = (
				2658C7AB1A1064FB0022DB29 /* Main.storyboard in Resources */,
				2658C7B01A1064FB0022DB29 /* LaunchScreen.xib in Resources */,
				2658C7AD1A1064FB0022DB29 /* Images.xcassets in Resources */,
			);
			runOnlyForDeploymentPostprocessing = 0;
		};
		2658C7B31A1064FC0022DB29 /* Resources */ = {
			isa = PBXResourcesBuildPhase;
			buildActionMask = 2147483647;
			files = (
			);
			runOnlyForDeploymentPostprocessing = 0;
		};
/* End PBXResourcesBuildPhase section */

/* Begin PBXSourcesBuildPhase section */
		2658C7981A1064FB0022DB29 /* Sources */ = {
			isa = PBXSourcesBuildPhase;
			buildActionMask = 2147483647;
			files = (
				263AFAF81A1214EB002E067C /* ToDoItem.m in Sources */,
				2658C7A81A1064FB0022DB29 /* ViewController.m in Sources */,
				2658C7A51A1064FB0022DB29 /* AppDelegate.m in Sources */,
				2658C7A21A1064FB0022DB29 /* main.m in Sources */,
				2658C7CA1A10C27D0022DB29 /* ToDoListTableViewController.m in Sources */,
				2658C7C71A10C16C0022DB29 /* AddToDoItemViewController.m in Sources */,
			);
			runOnlyForDeploymentPostprocessing = 0;
		};
		2658C7B11A1064FC0022DB29 /* Sources */ = {
			isa = PBXSourcesBuildPhase;
			buildActionMask = 2147483647;
			files = (
				2658C7BC1A1064FC0022DB29 /* ToDoListTests.m in Sources */,
			);
			runOnlyForDeploymentPostprocessing = 0;
		};
/* End PBXSourcesBuildPhase section */

/* Begin PBXTargetDependency section */
		2658C7B71A1064FC0022DB29 /* PBXTargetDependency */ = {
			isa = PBXTargetDependency;
			target = 2658C79B1A1064FB0022DB29 /* ToDoList */;
			targetProxy = 2658C7B61A1064FC0022DB29 /* PBXContainerItemProxy */;
		};
/* End PBXTargetDependency section */

/* Begin PBXVariantGroup section */
		2658C7A91A1064FB0022DB29 /* Main.storyboard */ = {
			isa = PBXVariantGroup;
			children = (
				2658C7AA1A1064FB0022DB29 /* Base */,
			);
			name = Main.storyboard;
			sourceTree = "<group>";
		};
		2658C7AE1A1064FB0022DB29 /* LaunchScreen.xib */ = {
			isa = PBXVariantGroup;
			children = (
				2658C7AF1A1064FB0022DB29 /* Base */,
			);
			name = LaunchScreen.xib;
			sourceTree = "<group>";
		};
/* End PBXVariantGroup section */

/* Begin XCBuildConfiguration section */
		2658C7BD1A1064FC0022DB29 /* Debug */ = {
			isa = XCBuildConfiguration;
			buildSettings = {
				ALWAYS_SEARCH_USER_PATHS = NO;
				CLANG_CXX_LANGUAGE_STANDARD = "gnu++0x";
				CLANG_CXX_LIBRARY = "libc++";
				CLANG_ENABLE_MODULES = YES;
				CLANG_ENABLE_OBJC_ARC = YES;
				CLANG_WARN_BOOL_CONVERSION = YES;
				CLANG_WARN_CONSTANT_CONVERSION = YES;
				CLANG_WARN_DIRECT_OBJC_ISA_USAGE = YES_ERROR;
				CLANG_WARN_EMPTY_BODY = YES;
				CLANG_WARN_ENUM_CONVERSION = YES;
				CLANG_WARN_INT_CONVERSION = YES;
				CLANG_WARN_OBJC_ROOT_CLASS = YES_ERROR;
				CLANG_WARN_UNREACHABLE_CODE = YES;
				CLANG_WARN__DUPLICATE_METHOD_MATCH = YES;
				"CODE_SIGN_IDENTITY[sdk=iphoneos*]" = "iPhone Developer";
				COPY_PHASE_STRIP = NO;
				ENABLE_STRICT_OBJC_MSGSEND = YES;
				GCC_C_LANGUAGE_STANDARD = gnu99;
				GCC_DYNAMIC_NO_PIC = NO;
				GCC_OPTIMIZATION_LEVEL = 0;
				GCC_PREPROCESSOR_DEFINITIONS = (
					"DEBUG=1",
					"$(inherited)",
				);
				GCC_SYMBOLS_PRIVATE_EXTERN = NO;
				GCC_WARN_64_TO_32_BIT_CONVERSION = YES;
				GCC_WARN_ABOUT_RETURN_TYPE = YES_ERROR;
				GCC_WARN_UNDECLARED_SELECTOR = YES;
				GCC_WARN_UNINITIALIZED_AUTOS = YES_AGGRESSIVE;
				GCC_WARN_UNUSED_FUNCTION = YES;
				GCC_WARN_UNUSED_VARIABLE = YES;
				IPHONEOS_DEPLOYMENT_TARGET = 8.1;
				MTL_ENABLE_DEBUG_INFO = YES;
				ONLY_ACTIVE_ARCH = YES;
				SDKROOT = iphoneos;
			};
			name = Debug;
		};
		2658C7BE1A1064FC0022DB29 /* Release */ = {
			isa = XCBuildConfiguration;
			buildSettings = {
				ALWAYS_SEARCH_USER_PATHS = NO;
				CLANG_CXX_LANGUAGE_STANDARD = "gnu++0x";
				CLANG_CXX_LIBRARY = "libc++";
				CLANG_ENABLE_MODULES = YES;
				CLANG_ENABLE_OBJC_ARC = YES;
				CLANG_WARN_BOOL_CONVERSION = YES;
				CLANG_WARN_CONSTANT_CONVERSION = YES;
				CLANG_WARN_DIRECT_OBJC_ISA_USAGE = YES_ERROR;
				CLANG_WARN_EMPTY_BODY = YES;
				CLANG_WARN_ENUM_CONVERSION = YES;
				CLANG_WARN_INT_CONVERSION = YES;
				CLANG_WARN_OBJC_ROOT_CLASS = YES_ERROR;
				CLANG_WARN_UNREACHABLE_CODE = YES;
				CLANG_WARN__DUPLICATE_METHOD_MATCH = YES;
				"CODE_SIGN_IDENTITY[sdk=iphoneos*]" = "iPhone Developer";
				COPY_PHASE_STRIP = YES;
				ENABLE_NS_ASSERTIONS = NO;
				ENABLE_STRICT_OBJC_MSGSEND = YES;
				GCC_C_LANGUAGE_STANDARD = gnu99;
				GCC_WARN_64_TO_32_BIT_CONVERSION = YES;
				GCC_WARN_ABOUT_RETURN_TYPE = YES_ERROR;
				GCC_WARN_UNDECLARED_SELECTOR = YES;
				GCC_WARN_UNINITIALIZED_AUTOS = YES_AGGRESSIVE;
				GCC_WARN_UNUSED_FUNCTION = YES;
				GCC_WARN_UNUSED_VARIABLE = YES;
				IPHONEOS_DEPLOYMENT_TARGET = 8.1;
				MTL_ENABLE_DEBUG_INFO = NO;
				SDKROOT = iphoneos;
				VALIDATE_PRODUCT = YES;
			};
			name = Release;
		};
		2658C7C01A1064FC0022DB29 /* Debug */ = {
			isa = XCBuildConfiguration;
			buildSettings = {
				ASSETCATALOG_COMPILER_APPICON_NAME = AppIcon;
				INFOPLIST_FILE = ToDoList/Info.plist;
				LD_RUNPATH_SEARCH_PATHS = "$(inherited) @executable_path/Frameworks";
				PRODUCT_NAME = "$(TARGET_NAME)";
				TARGETED_DEVICE_FAMILY = 1;
			};
			name = Debug;
		};
		2658C7C11A1064FC0022DB29 /* Release */ = {
			isa = XCBuildConfiguration;
			buildSettings = {
				ASSETCATALOG_COMPILER_APPICON_NAME = AppIcon;
				INFOPLIST_FILE = ToDoList/Info.plist;
				LD_RUNPATH_SEARCH_PATHS = "$(inherited) @executable_path/Frameworks";
				PRODUCT_NAME = "$(TARGET_NAME)";
				TARGETED_DEVICE_FAMILY = 1;
			};
			name = Release;
		};
		2658C7C31A1064FC0022DB29 /* Debug */ = {
			isa = XCBuildConfiguration;
			buildSettings = {
				BUNDLE_LOADER = "$(TEST_HOST)";
				FRAMEWORK_SEARCH_PATHS = (
					"$(SDKROOT)/Developer/Library/Frameworks",
					"$(inherited)",
				);
				GCC_PREPROCESSOR_DEFINITIONS = (
					"DEBUG=1",
					"$(inherited)",
				);
				INFOPLIST_FILE = ToDoListTests/Info.plist;
				LD_RUNPATH_SEARCH_PATHS = "$(inherited) @executable_path/Frameworks @loader_path/Frameworks";
				PRODUCT_NAME = "$(TARGET_NAME)";
				TEST_HOST = "$(BUILT_PRODUCTS_DIR)/ToDoList.app/ToDoList";
			};
			name = Debug;
		};
		2658C7C41A1064FC0022DB29 /* Release */ = {
			isa = XCBuildConfiguration;
			buildSettings = {
				BUNDLE_LOADER = "$(TEST_HOST)";
				FRAMEWORK_SEARCH_PATHS = (
					"$(SDKROOT)/Developer/Library/Frameworks",
					"$(inherited)",
				);
				INFOPLIST_FILE = ToDoListTests/Info.plist;
				LD_RUNPATH_SEARCH_PATHS = "$(inherited) @executable_path/Frameworks @loader_path/Frameworks";
				PRODUCT_NAME = "$(TARGET_NAME)";
				TEST_HOST = "$(BUILT_PRODUCTS_DIR)/ToDoList.app/ToDoList";
			};
			name = Release;
		};
/* End XCBuildConfiguration section */

/* Begin XCConfigurationList section */
		2658C7971A1064FB0022DB29 /* Build configuration list for PBXProject "ToDoList" */ = {
			isa = XCConfigurationList;
			buildConfigurations = (
				2658C7BD1A1064FC0022DB29 /* Debug */,
				2658C7BE1A1064FC0022DB29 /* Release */,
			);
			defaultConfigurationIsVisible = 0;
			defaultConfigurationName = Release;
		};
		2658C7BF1A1064FC0022DB29 /* Build configuration list for PBXNativeTarget "ToDoList" */ = {
			isa = XCConfigurationList;
			buildConfigurations = (
				2658C7C01A1064FC0022DB29 /* Debug */,
				2658C7C11A1064FC0022DB29 /* Release */,
			);
			defaultConfigurationIsVisible = 0;
			defaultConfigurationName = Release;
		};
		2658C7C21A1064FC0022DB29 /* Build configuration list for PBXNativeTarget "ToDoListTests" */ = {
			isa = XCConfigurationList;
			buildConfigurations = (
				2658C7C31A1064FC0022DB29 /* Debug */,
				2658C7C41A1064FC0022DB29 /* Release */,
			);
			defaultConfigurationIsVisible = 0;
			defaultConfigurationName = Release;
		};
/* End XCConfigurationList section */
	};
	rootObject = 2658C7941A1064FB0022DB29 /* Project object */;
}
